
Microsoft Visual Studio Solution File, Format Version 12.00
# Visual Studio Version 16
VisualStudioVersion = 16.0.29728.190
MinimumVisualStudioVersion = 10.0.40219.1
Project("{FAE04EC0-301F-11D3-BF4B-00C04F79EFBC}") = "WindowsFormsApp3", "WindowsFormsApp3\WindowsFormsApp3.csproj", "{CAAC567E-20DC-4F0B-B779-C2045F218B98}"
EndProject
Global
	GlobalSection(SolutionConfigurationPlatforms) = preSolution
		Debug|Any CPU = Debug|Any CPU
		Release|Any CPU = Release|Any CPU
	EndGlobalSection
	GlobalSection(ProjectConfigurationPlatforms) = postSolution
		{CAAC567E-20DC-4F0B-B779-C2045F218B98}.Debug|Any CPU.ActiveCfg = Debug|Any CPU
		{CAAC567E-20DC-4F0B-B779-C2045F218B98}.Debug|Any CPU.Build.0 = Debug|Any CPU
		{CAAC567E-20DC-4F0B-B779-C2045F218B98}.Release|Any CPU.ActiveCfg = Release|Any CPU
		{CAAC567E-20DC-4F0B-B779-C2045F218B98}.Release|Any CPU.Build.0 = Release|Any CPU
	EndGlobalSection
	GlobalSection(SolutionProperties) = preSolution
		HideSolutionNode = FALSE
	EndGlobalSection
	GlobalSection(ExtensibilityGlobals) = postSolution
		SolutionGuid = {D867A37B-FA89-4F14-8637-A08E57A383F5}
	EndGlobalSection
EndGlobal
